
Microsoft Visual Studio Solution File, Format Version 12.00
# Visual Studio Version 17
VisualStudioVersion = 17.3.32901.215
MinimumVisualStudioVersion = 10.0.40219.1
Project("{FAE04EC0-301F-11D3-BF4B-00C04F79EFBC}") = "sinav-1", "sinav-1\sinav-1.csproj", "{628DD8F0-C40A-4906-8A1D-825DDBCB302C}"
EndProject
Global
	GlobalSection(SolutionConfigurationPlatforms) = preSolution
		Debug|Any CPU = Debug|Any CPU
		Release|Any CPU = Release|Any CPU
	EndGlobalSection
	GlobalSection(ProjectConfigurationPlatforms) = postSolution
		{628DD8F0-C40A-4906-8A1D-825DDBCB302C}.Debug|Any CPU.ActiveCfg = Debug|Any CPU
		{628DD8F0-C40A-4906-8A1D-825DDBCB302C}.Debug|Any CPU.Build.0 = Debug|Any CPU
		{628DD8F0-C40A-4906-8A1D-825DDBCB302C}.Release|Any CPU.ActiveCfg = Release|Any CPU
		{628DD8F0-C40A-4906-8A1D-825DDBCB302C}.Release|Any CPU.Build.0 = Release|Any CPU
	EndGlobalSection
	GlobalSection(SolutionProperties) = preSolution
		HideSolutionNode = FALSE
	EndGlobalSection
	GlobalSection(ExtensibilityGlobals) = postSolution
		SolutionGuid = {1C22FCDD-91F6-4174-9A0E-A4B8FDF51234}
	EndGlobalSection
EndGlobal
